
Microsoft Visual Studio Solution File, Format Version 12.00
# Visual Studio Version 17
VisualStudioVersion = 17.6.33815.320
MinimumVisualStudioVersion = 10.0.40219.1
Project("{FAE04EC0-301F-11D3-BF4B-00C04F79EFBC}") = "CrudAspAdoNetSp", "CrudAspAdoNetSp\CrudAspAdoNetSp.csproj", "{5EFEC962-0714-4850-BEC4-C4389F8B4DCA}"
EndProject
Global
	GlobalSection(SolutionConfigurationPlatforms) = preSolution
		Debug|Any CPU = Debug|Any CPU
		Release|Any CPU = Release|Any CPU
	EndGlobalSection
	GlobalSection(ProjectConfigurationPlatforms) = postSolution
		{5EFEC962-0714-4850-BEC4-C4389F8B4DCA}.Debug|Any CPU.ActiveCfg = Debug|Any CPU
		{5EFEC962-0714-4850-BEC4-C4389F8B4DCA}.Debug|Any CPU.Build.0 = Debug|Any CPU
		{5EFEC962-0714-4850-BEC4-C4389F8B4DCA}.Release|Any CPU.ActiveCfg = Release|Any CPU
		{5EFEC962-0714-4850-BEC4-C4389F8B4DCA}.Release|Any CPU.Build.0 = Release|Any CPU
	EndGlobalSection
	GlobalSection(SolutionProperties) = preSolution
		HideSolutionNode = FALSE
	EndGlobalSection
	GlobalSection(ExtensibilityGlobals) = postSolution
		SolutionGuid = {A3269DCA-8732-43E0-8EC4-C9401DAFA2BF}
	EndGlobalSection
EndGlobal
